// !$*UTF8*$!
{
	archiveVersion = 1;
	classes = {
	};
	objectVersion = 46;
	objects = {

/* Begin PBXBuildFile section */
		F6A3D9391D379389008E0A77 /* main.m in Sources */ = {isa = PBXBuildFile; fileRef = F6A3D9381D379389008E0A77 /* main.m */; };
		F6A3D93C1D379389008E0A77 /* AppDelegate.m in Sources */ = {isa = PBXBuildFile; fileRef = F6A3D93B1D379389008E0A77 /* AppDelegate.m */; };
		F6A3D93F1D379389008E0A77 /* ViewController.m in Sources */ = {isa = PBXBuildFile; fileRef = F6A3D93E1D379389008E0A77 /* ViewController.m */; };
		F6A3D9421D379389008E0A77 /* Main.storyboard in Resources */ = {isa = PBXBuildFile; fileRef = F6A3D9401D379389008E0A77 /* Main.storyboard */; };
		F6A3D9441D379389008E0A77 /* Assets.xcassets in Resources */ = {isa = PBXBuildFile; fileRef = F6A3D9431D379389008E0A77 /* Assets.xcassets */; };
		F6A3D9471D379389008E0A77 /* LaunchScreen.storyboard in Resources */ = {isa = PBXBuildFile; fileRef = F6A3D9451D379389008E0A77 /* LaunchScreen.storyboard */; };
		F6A3D9521D379389008E0A77 /* __DemoTests.m in Sources */ = {isa = PBXBuildFile; fileRef = F6A3D9511D379389008E0A77 /* __DemoTests.m */; };
		F6A3D95D1D379389008E0A77 /* __DemoUITests.m in Sources */ = {isa = PBXBuildFile; fileRef = F6A3D95C1D379389008E0A77 /* __DemoUITests.m */; };
		F6A3D96D1D379431008E0A77 /* PYMakeTextSecretLabel.m in Sources */ = {isa = PBXBuildFile; fileRef = F6A3D96C1D379431008E0A77 /* PYMakeTextSecretLabel.m */; };
		F6A3D9701D379A9C008E0A77 /* PYMakeTextSecretTextView.m in Sources */ = {isa = PBXBuildFile; fileRef = F6A3D96F1D379A9C008E0A77 /* PYMakeTextSecretTextView.m */; };
/* End PBXBuildFile section */

/* Begin PBXContainerItemProxy section */
		F6A3D94E1D379389008E0A77 /* PBXContainerItemProxy */ = {
			isa = PBXContainerItemProxy;
			containerPortal = F6A3D92C1D379388008E0A77 /* Project object */;
			proxyType = 1;
			remoteGlobalIDString = F6A3D9331D379388008E0A77;
			remoteInfo = "打码Demo";
		};
		F6A3D9591D379389008E0A77 /* PBXContainerItemProxy */ = {
			isa = PBXContainerItemProxy;
			containerPortal = F6A3D92C1D379388008E0A77 /* Project object */;
			proxyType = 1;
			remoteGlobalIDString = F6A3D9331D379388008E0A77;
			remoteInfo = "打码Demo";
		};
/* End PBXContainerItemProxy section */

/* Begin PBXFileReference section */
		F6A3D9341D379388008E0A77 /* 打码Demo.app */ = {isa = PBXFileReference; explicitFileType = wrapper.application; includeInIndex = 0; path = "打码Demo.app"; sourceTree = BUILT_PRODUCTS_DIR; };
		F6A3D9381D379389008E0A77 /* main.m */ = {isa = PBXFileReference; lastKnownFileType = sourcecode.c.objc; path = main.m; sourceTree = "<group>"; };
		F6A3D93A1D379389008E0A77 /* AppDelegate.h */ = {isa = PBXFileReference; lastKnownFileType = sourcecode.c.h; path = AppDelegate.h; sourceTree = "<group>"; };
		F6A3D93B1D379389008E0A77 /* AppDelegate.m */ = {isa = PBXFileReference; lastKnownFileType = sourcecode.c.objc; path = AppDelegate.m; sourceTree = "<group>"; };
		F6A3D93D1D379389008E0A77 /* ViewController.h */ = {isa = PBXFileReference; lastKnownFileType = sourcecode.c.h; path = ViewController.h; sourceTree = "<group>"; };
		F6A3D93E1D379389008E0A77 /* ViewController.m */ = {isa = PBXFileReference; lastKnownFileType = sourcecode.c.objc; path = ViewController.m; sourceTree = "<group>"; };
		F6A3D9411D379389008E0A77 /* Base */ = {isa = PBXFileReference; lastKnownFileType = file.storyboard; name = Base; path = Base.lproj/Main.storyboard; sourceTree = "<group>"; };
		F6A3D9431D379389008E0A77 /* Assets.xcassets */ = {isa = PBXFileReference; lastKnownFileType = folder.assetcatalog; path = Assets.xcassets; sourceTree = "<group>"; };
		F6A3D9461D379389008E0A77 /* Base */ = {isa = PBXFileReference; lastKnownFileType = file.storyboard; name = Base; path = Base.lproj/LaunchScreen.storyboard; sourceTree = "<group>"; };
		F6A3D9481D379389008E0A77 /* Info.plist */ = {isa = PBXFileReference; lastKnownFileType = text.plist.xml; path = Info.plist; sourceTree = "<group>"; };
		F6A3D94D1D379389008E0A77 /* 打码DemoTests.xctest */ = {isa = PBXFileReference; explicitFileType = wrapper.cfbundle; includeInIndex = 0; path = "打码DemoTests.xctest"; sourceTree = BUILT_PRODUCTS_DIR; };
		F6A3D9511D379389008E0A77 /* __DemoTests.m */ = {isa = PBXFileReference; lastKnownFileType = sourcecode.c.objc; path = __DemoTests.m; sourceTree = "<group>"; };
		F6A3D9531D379389008E0A77 /* Info.plist */ = {isa = PBXFileReference; lastKnownFileType = text.plist.xml; path = Info.plist; sourceTree = "<group>"; };
		F6A3D9581D379389008E0A77 /* 打码DemoUITests.xctest */ = {isa = PBXFileReference; explicitFileType = wrapper.cfbundle; includeInIndex = 0; path = "打码DemoUITests.xctest"; sourceTree = BUILT_PRODUCTS_DIR; };
		F6A3D95C1D379389008E0A77 /* __DemoUITests.m */ = {isa = PBXFileReference; lastKnownFileType = sourcecode.c.objc; path = __DemoUITests.m; sourceTree = "<group>"; };
		F6A3D95E1D379389008E0A77 /* Info.plist */ = {isa = PBXFileReference; lastKnownFileType = text.plist.xml; path = Info.plist; sourceTree = "<group>"; };
		F6A3D96B1D379431008E0A77 /* PYMakeTextSecretLabel.h */ = {isa = PBXFileReference; fileEncoding = 4; lastKnownFileType = sourcecode.c.h; name = PYMakeTextSecretLabel.h; path = Class/PYMakeTextSecretLabel.h; sourceTree = "<group>"; };
		F6A3D96C1D379431008E0A77 /* PYMakeTextSecretLabel.m */ = {isa = PBXFileReference; fileEncoding = 4; lastKnownFileType = sourcecode.c.objc; name = PYMakeTextSecretLabel.m; path = Class/PYMakeTextSecretLabel.m; sourceTree = "<group>"; };
		F6A3D96E1D379A9C008E0A77 /* PYMakeTextSecretTextView.h */ = {isa = PBXFileReference; fileEncoding = 4; lastKnownFileType = sourcecode.c.h; name = PYMakeTextSecretTextView.h; path = Class/PYMakeTextSecretTextView.h; sourceTree = "<group>"; };
		F6A3D96F1D379A9C008E0A77 /* PYMakeTextSecretTextView.m */ = {isa = PBXFileReference; fileEncoding = 4; lastKnownFileType = sourcecode.c.objc; name = PYMakeTextSecretTextView.m; path = Class/PYMakeTextSecretTextView.m; sourceTree = "<group>"; };
/* End PBXFileReference section */

/* Begin PBXFrameworksBuildPhase section */
		F6A3D9311D379388008E0A77 /* Frameworks */ = {
			isa = PBXFrameworksBuildPhase;
			buildActionMask = 2147483647;
			files = (
			);
			runOnlyForDeploymentPostprocessing = 0;
		};
		F6A3D94A1D379389008E0A77 /* Frameworks */ = {
			isa = PBXFrameworksBuildPhase;
			buildActionMask = 2147483647;
			files = (
			);
			runOnlyForDeploymentPostprocessing = 0;
		};
		F6A3D9551D379389008E0A77 /* Frameworks */ = {
			isa = PBXFrameworksBuildPhase;
			buildActionMask = 2147483647;
			files = (
			);
			runOnlyForDeploymentPostprocessing = 0;
		};
/* End PBXFrameworksBuildPhase section */

/* Begin PBXGroup section */
		F6A3D92B1D379388008E0A77 = {
			isa = PBXGroup;
			children = (
				F6A3D9361D379389008E0A77 /* 打码Demo */,
				F6A3D9501D379389008E0A77 /* 打码DemoTests */,
				F6A3D95B1D379389008E0A77 /* 打码DemoUITests */,
				F6A3D9351D379388008E0A77 /* Products */,
			);
			sourceTree = "<group>";
		};
		F6A3D9351D379388008E0A77 /* Products */ = {
			isa = PBXGroup;
			children = (
				F6A3D9341D379388008E0A77 /* 打码Demo.app */,
				F6A3D94D1D379389008E0A77 /* 打码DemoTests.xctest */,
				F6A3D9581D379389008E0A77 /* 打码DemoUITests.xctest */,
			);
			name = Products;
			sourceTree = "<group>";
		};
		F6A3D9361D379389008E0A77 /* 打码Demo */ = {
			isa = PBXGroup;
			children = (
				F6A3D96A1D3793AE008E0A77 /* Class */,
				F6A3D93A1D379389008E0A77 /* AppDelegate.h */,
				F6A3D93B1D379389008E0A77 /* AppDelegate.m */,
				F6A3D93D1D379389008E0A77 /* ViewController.h */,
				F6A3D93E1D379389008E0A77 /* ViewController.m */,
				F6A3D9401D379389008E0A77 /* Main.storyboard */,
				F6A3D9431D379389008E0A77 /* Assets.xcassets */,
				F6A3D9451D379389008E0A77 /* LaunchScreen.storyboard */,
				F6A3D9481D379389008E0A77 /* Info.plist */,
				F6A3D9371D379389008E0A77 /* Supporting Files */,
			);
			path = "打码Demo";
			sourceTree = "<group>";
		};
		F6A3D9371D379389008E0A77 /* Supporting Files */ = {
			isa = PBXGroup;
			children = (
				F6A3D9381D379389008E0A77 /* main.m */,
			);
			name = "Supporting Files";
			sourceTree = "<group>";
		};
		F6A3D9501D379389008E0A77 /* 打码DemoTests */ = {
			isa = PBXGroup;
			children = (
				F6A3D9511D379389008E0A77 /* __DemoTests.m */,
				F6A3D9531D379389008E0A77 /* Info.plist */,
			);
			path = "打码DemoTests";
			sourceTree = "<group>";
		};
		F6A3D95B1D379389008E0A77 /* 打码DemoUITests */ = {
			isa = PBXGroup;
			children = (
				F6A3D95C1D379389008E0A77 /* __DemoUITests.m */,
				F6A3D95E1D379389008E0A77 /* Info.plist */,
			);
			path = "打码DemoUITests";
			sourceTree = "<group>";
		};
		F6A3D96A1D3793AE008E0A77 /* Class */ = {
			isa = PBXGroup;
			children = (
				F6A3D96B1D379431008E0A77 /* PYMakeTextSecretLabel.h */,
				F6A3D96C1D379431008E0A77 /* PYMakeTextSecretLabel.m */,
				F6A3D96E1D379A9C008E0A77 /* PYMakeTextSecretTextView.h */,
				F6A3D96F1D379A9C008E0A77 /* PYMakeTextSecretTextView.m */,
			);
			name = Class;
			sourceTree = "<group>";
		};
/* End PBXGroup section */

/* Begin PBXNativeTarget section */
		F6A3D9331D379388008E0A77 /* 打码Demo */ = {
			isa = PBXNativeTarget;
			buildConfigurationList = F6A3D9611D379389008E0A77 /* Build configuration list for PBXNativeTarget "打码Demo" */;
			buildPhases = (
				F6A3D9301D379388008E0A77 /* Sources */,
				F6A3D9311D379388008E0A77 /* Frameworks */,
				F6A3D9321D379388008E0A77 /* Resources */,
			);
			buildRules = (
			);
			dependencies = (
			);
			name = "打码Demo";
			productName = "打码Demo";
			productReference = F6A3D9341D379388008E0A77 /* 打码Demo.app */;
			productType = "com.apple.product-type.application";
		};
		F6A3D94C1D379389008E0A77 /* 打码DemoTests */ = {
			isa = PBXNativeTarget;
			buildConfigurationList = F6A3D9641D379389008E0A77 /* Build configuration list for PBXNativeTarget "打码DemoTests" */;
			buildPhases = (
				F6A3D9491D379389008E0A77 /* Sources */,
				F6A3D94A1D379389008E0A77 /* Frameworks */,
				F6A3D94B1D379389008E0A77 /* Resources */,
			);
			buildRules = (
			);
			dependencies = (
				F6A3D94F1D379389008E0A77 /* PBXTargetDependency */,
			);
			name = "打码DemoTests";
			productName = "打码DemoTests";
			productReference = F6A3D94D1D379389008E0A77 /* 打码DemoTests.xctest */;
			productType = "com.apple.product-type.bundle.unit-test";
		};
		F6A3D9571D379389008E0A77 /* 打码DemoUITests */ = {
			isa = PBXNativeTarget;
			buildConfigurationList = F6A3D9671D379389008E0A77 /* Build configuration list for PBXNativeTarget "打码DemoUITests" */;
			buildPhases = (
				F6A3D9541D379389008E0A77 /* Sources */,
				F6A3D9551D379389008E0A77 /* Frameworks */,
				F6A3D9561D379389008E0A77 /* Resources */,
			);
			buildRules = (
			);
			dependencies = (
				F6A3D95A1D379389008E0A77 /* PBXTargetDependency */,
			);
			name = "打码DemoUITests";
			productName = "打码DemoUITests";
			productReference = F6A3D9581D379389008E0A77 /* 打码DemoUITests.xctest */;
			productType = "com.apple.product-type.bundle.ui-testing";
		};
/* End PBXNativeTarget section */

/* Begin PBXProject section */
		F6A3D92C1D379388008E0A77 /* Project object */ = {
			isa = PBXProject;
			attributes = {
				LastUpgradeCheck = 0730;
				ORGANIZATIONNAME = IAsk;
				TargetAttributes = {
					F6A3D9331D379388008E0A77 = {
						CreatedOnToolsVersion = 7.3.1;
						DevelopmentTeam = P89EA5NSQ3;
					};
					F6A3D94C1D379389008E0A77 = {
						CreatedOnToolsVersion = 7.3.1;
						TestTargetID = F6A3D9331D379388008E0A77;
					};
					F6A3D9571D379389008E0A77 = {
						CreatedOnToolsVersion = 7.3.1;
						TestTargetID = F6A3D9331D379388008E0A77;
					};
				};
			};
			buildConfigurationList = F6A3D92F1D379388008E0A77 /* Build configuration list for PBXProject "打码Demo" */;
			compatibilityVersion = "Xcode 3.2";
			developmentRegion = English;
			hasScannedForEncodings = 0;
			knownRegions = (
				en,
				Base,
			);
			mainGroup = F6A3D92B1D379388008E0A77;
			productRefGroup = F6A3D9351D379388008E0A77 /* Products */;
			projectDirPath = "";
			projectRoot = "";
			targets = (
				F6A3D9331D379388008E0A77 /* 打码Demo */,
				F6A3D94C1D379389008E0A77 /* 打码DemoTests */,
				F6A3D9571D379389008E0A77 /* 打码DemoUITests */,
			);
		};
/* End PBXProject section */

/* Begin PBXResourcesBuildPhase section */
		F6A3D9321D379388008E0A77 /* Resources */ = {
			isa = PBXResourcesBuildPhase;
			buildActionMask = 2147483647;
			files = (
				F6A3D9471D379389008E0A77 /* LaunchScreen.storyboard in Resources */,
				F6A3D9441D379389008E0A77 /* Assets.xcassets in Resources */,
				F6A3D9421D379389008E0A77 /* Main.storyboard in Resources */,
			);
			runOnlyForDeploymentPostprocessing = 0;
		};
		F6A3D94B1D379389008E0A77 /* Resources */ = {
			isa = PBXResourcesBuildPhase;
			buildActionMask = 2147483647;
			files = (
			);
			runOnlyForDeploymentPostprocessing = 0;
		};
		F6A3D9561D379389008E0A77 /* Resources */ = {
			isa = PBXResourcesBuildPhase;
			buildActionMask = 2147483647;
			files = (
			);
			runOnlyForDeploymentPostprocessing = 0;
		};
/* End PBXResourcesBuildPhase section */

/* Begin PBXSourcesBuildPhase section */
		F6A3D9301D379388008E0A77 /* Sources */ = {
			isa = PBXSourcesBuildPhase;
			buildActionMask = 2147483647;
			files = (
				F6A3D9701D379A9C008E0A77 /* PYMakeTextSecretTextView.m in Sources */,
				F6A3D96D1D379431008E0A77 /* PYMakeTextSecretLabel.m in Sources */,
				F6A3D93F1D379389008E0A77 /* ViewController.m in Sources */,
				F6A3D93C1D379389008E0A77 /* AppDelegate.m in Sources */,
				F6A3D9391D379389008E0A77 /* main.m in Sources */,
			);
			runOnlyForDeploymentPostprocessing = 0;
		};
		F6A3D9491D379389008E0A77 /* Sources */ = {
			isa = PBXSourcesBuildPhase;
			buildActionMask = 2147483647;
			files = (
				F6A3D9521D379389008E0A77 /* __DemoTests.m in Sources */,
			);
			runOnlyForDeploymentPostprocessing = 0;
		};
		F6A3D9541D379389008E0A77 /* Sources */ = {
			isa = PBXSourcesBuildPhase;
			buildActionMask = 2147483647;
			files = (
				F6A3D95D1D379389008E0A77 /* __DemoUITests.m in Sources */,
			);
			runOnlyForDeploymentPostprocessing = 0;
		};
/* End PBXSourcesBuildPhase section */

/* Begin PBXTargetDependency section */
		F6A3D94F1D379389008E0A77 /* PBXTargetDependency */ = {
			isa = PBXTargetDependency;
			target = F6A3D9331D379388008E0A77 /* 打码Demo */;
			targetProxy = F6A3D94E1D379389008E0A77 /* PBXContainerItemProxy */;
		};
		F6A3D95A1D379389008E0A77 /* PBXTargetDependency */ = {
			isa = PBXTargetDependency;
			target = F6A3D9331D379388008E0A77 /* 打码Demo */;
			targetProxy = F6A3D9591D379389008E0A77 /* PBXContainerItemProxy */;
		};
/* End PBXTargetDependency section */

/* Begin PBXVariantGroup section */
		F6A3D9401D379389008E0A77 /* Main.storyboard */ = {
			isa = PBXVariantGroup;
			children = (
				F6A3D9411D379389008E0A77 /* Base */,
			);
			name = Main.storyboard;
			sourceTree = "<group>";
		};
		F6A3D9451D379389008E0A77 /* LaunchScreen.storyboard */ = {
			isa = PBXVariantGroup;
			children = (
				F6A3D9461D379389008E0A77 /* Base */,
			);
			name = LaunchScreen.storyboard;
			sourceTree = "<group>";
		};
/* End PBXVariantGroup section */

/* Begin XCBuildConfiguration section */
		F6A3D95F1D379389008E0A77 /* Debug */ = {
			isa = XCBuildConfiguration;
			buildSettings = {
				ALWAYS_SEARCH_USER_PATHS = NO;
				CLANG_ANALYZER_NONNULL = YES;
				CLANG_CXX_LANGUAGE_STANDARD = "gnu++0x";
				CLANG_CXX_LIBRARY = "libc++";
				CLANG_ENABLE_MODULES = YES;
				CLANG_ENABLE_OBJC_ARC = YES;
				CLANG_WARN_BOOL_CONVERSION = YES;
				CLANG_WARN_CONSTANT_CONVERSION = YES;
				CLANG_WARN_DIRECT_OBJC_ISA_USAGE = YES_ERROR;
				CLANG_WARN_EMPTY_BODY = YES;
				CLANG_WARN_ENUM_CONVERSION = YES;
				CLANG_WARN_INT_CONVERSION = YES;
				CLANG_WARN_OBJC_ROOT_CLASS = YES_ERROR;
				CLANG_WARN_UNREACHABLE_CODE = YES;
				CLANG_WARN__DUPLICATE_METHOD_MATCH = YES;
				"CODE_SIGN_IDENTITY[sdk=iphoneos*]" = "iPhone Developer";
				COPY_PHASE_STRIP = NO;
				DEBUG_INFORMATION_FORMAT = dwarf;
				ENABLE_STRICT_OBJC_MSGSEND = YES;
				ENABLE_TESTABILITY = YES;
				GCC_C_LANGUAGE_STANDARD = gnu99;
				GCC_DYNAMIC_NO_PIC = NO;
				GCC_NO_COMMON_BLOCKS = YES;
				GCC_OPTIMIZATION_LEVEL = 0;
				GCC_PREPROCESSOR_DEFINITIONS = (
					"DEBUG=1",
					"$(inherited)",
				);
				GCC_WARN_64_TO_32_BIT_CONVERSION = YES;
				GCC_WARN_ABOUT_RETURN_TYPE = YES_ERROR;
				GCC_WARN_UNDECLARED_SELECTOR = YES;
				GCC_WARN_UNINITIALIZED_AUTOS = YES_AGGRESSIVE;
				GCC_WARN_UNUSED_FUNCTION = YES;
				GCC_WARN_UNUSED_VARIABLE = YES;
				IPHONEOS_DEPLOYMENT_TARGET = 9.3;
				MTL_ENABLE_DEBUG_INFO = YES;
				ONLY_ACTIVE_ARCH = YES;
				SDKROOT = iphoneos;
				TARGETED_DEVICE_FAMILY = "1,2";
			};
			name = Debug;
		};
		F6A3D9601D379389008E0A77 /* Release */ = {
			isa = XCBuildConfiguration;
			buildSettings = {
				ALWAYS_SEARCH_USER_PATHS = NO;
				CLANG_ANALYZER_NONNULL = YES;
				CLANG_CXX_LANGUAGE_STANDARD = "gnu++0x";
				CLANG_CXX_LIBRARY = "libc++";
				CLANG_ENABLE_MODULES = YES;
				CLANG_ENABLE_OBJC_ARC = YES;
				CLANG_WARN_BOOL_CONVERSION = YES;
				CLANG_WARN_CONSTANT_CONVERSION = YES;
				CLANG_WARN_DIRECT_OBJC_ISA_USAGE = YES_ERROR;
				CLANG_WARN_EMPTY_BODY = YES;
				CLANG_WARN_ENUM_CONVERSION = YES;
				CLANG_WARN_INT_CONVERSION = YES;
				CLANG_WARN_OBJC_ROOT_CLASS = YES_ERROR;
				CLANG_WARN_UNREACHABLE_CODE = YES;
				CLANG_WARN__DUPLICATE_METHOD_MATCH = YES;
				"CODE_SIGN_IDENTITY[sdk=iphoneos*]" = "iPhone Developer";
				COPY_PHASE_STRIP = NO;
				DEBUG_INFORMATION_FORMAT = "dwarf-with-dsym";
				ENABLE_NS_ASSERTIONS = NO;
				ENABLE_STRICT_OBJC_MSGSEND = YES;
				GCC_C_LANGUAGE_STANDARD = gnu99;
				GCC_NO_COMMON_BLOCKS = YES;
				GCC_WARN_64_TO_32_BIT_CONVERSION = YES;
				GCC_WARN_ABOUT_RETURN_TYPE = YES_ERROR;
				GCC_WARN_UNDECLARED_SELECTOR = YES;
				GCC_WARN_UNINITIALIZED_AUTOS = YES_AGGRESSIVE;
				GCC_WARN_UNUSED_FUNCTION = YES;
				GCC_WARN_UNUSED_VARIABLE = YES;
				IPHONEOS_DEPLOYMENT_TARGET = 9.3;
				MTL_ENABLE_DEBUG_INFO = NO;
				SDKROOT = iphoneos;
				TARGETED_DEVICE_FAMILY = "1,2";
				VALIDATE_PRODUCT = YES;
			};
			name = Release;
		};
		F6A3D9621D379389008E0A77 /* Debug */ = {
			isa = XCBuildConfiguration;
			buildSettings = {
				ASSETCATALOG_COMPILER_APPICON_NAME = AppIcon;
				CODE_SIGN_IDENTITY = "iPhone Developer";
				INFOPLIST_FILE = "打码Demo/Info.plist";
				IPHONEOS_DEPLOYMENT_TARGET = 8.4;
				LD_RUNPATH_SEARCH_PATHS = "$(inherited) @executable_path/Frameworks";
				PRODUCT_BUNDLE_IDENTIFIER = "com.IAsk.--Demo";
				PRODUCT_NAME = "$(TARGET_NAME)";
			};
			name = Debug;
		};
		F6A3D9631D379389008E0A77 /* Release */ = {
			isa = XCBuildConfiguration;
			buildSettings = {
				ASSETCATALOG_COMPILER_APPICON_NAME = AppIcon;
				CODE_SIGN_IDENTITY = "iPhone Developer";
				INFOPLIST_FILE = "打码Demo/Info.plist";
				IPHONEOS_DEPLOYMENT_TARGET = 8.4;
				LD_RUNPATH_SEARCH_PATHS = "$(inherited) @executable_path/Frameworks";
				PRODUCT_BUNDLE_IDENTIFIER = "com.IAsk.--Demo";
				PRODUCT_NAME = "$(TARGET_NAME)";
			};
			name = Release;
		};
		F6A3D9651D379389008E0A77 /* Debug */ = {
			isa = XCBuildConfiguration;
			buildSettings = {
				BUNDLE_LOADER = "$(TEST_HOST)";
				INFOPLIST_FILE = "打码DemoTests/Info.plist";
				LD_RUNPATH_SEARCH_PATHS = "$(inherited) @executable_path/Frameworks @loader_path/Frameworks";
				PRODUCT_BUNDLE_IDENTIFIER = "com.IAsk.--DemoTests";
				PRODUCT_NAME = "$(TARGET_NAME)";
				TEST_HOST = "$(BUILT_PRODUCTS_DIR)/打码Demo.app/打码Demo";
			};
			name = Debug;
		};
		F6A3D9661D379389008E0A77 /* Release */ = {
			isa = XCBuildConfiguration;
			buildSettings = {
				BUNDLE_LOADER = "$(TEST_HOST)";
				INFOPLIST_FILE = "打码DemoTests/Info.plist";
				LD_RUNPATH_SEARCH_PATHS = "$(inherited) @executable_path/Frameworks @loader_path/Frameworks";
				PRODUCT_BUNDLE_IDENTIFIER = "com.IAsk.--DemoTests";
				PRODUCT_NAME = "$(TARGET_NAME)";
				TEST_HOST = "$(BUILT_PRODUCTS_DIR)/打码Demo.app/打码Demo";
			};
			name = Release;
		};
		F6A3D9681D379389008E0A77 /* Debug */ = {
			isa = XCBuildConfiguration;
			buildSettings = {
				INFOPLIST_FILE = "打码DemoUITests/Info.plist";
				LD_RUNPATH_SEARCH_PATHS = "$(inherited) @executable_path/Frameworks @loader_path/Frameworks";
				PRODUCT_BUNDLE_IDENTIFIER = "com.IAsk.--DemoUITests";
				PRODUCT_NAME = "$(TARGET_NAME)";
				TEST_TARGET_NAME = "打码Demo";
			};
			name = Debug;
		};
		F6A3D9691D379389008E0A77 /* Release */ = {
			isa = XCBuildConfiguration;
			buildSettings = {
				INFOPLIST_FILE = "打码DemoUITests/Info.plist";
				LD_RUNPATH_SEARCH_PATHS = "$(inherited) @executable_path/Frameworks @loader_path/Frameworks";
				PRODUCT_BUNDLE_IDENTIFIER = "com.IAsk.--DemoUITests";
				PRODUCT_NAME = "$(TARGET_NAME)";
				TEST_TARGET_NAME = "打码Demo";
			};
			name = Release;
		};
/* End XCBuildConfiguration section */

/* Begin XCConfigurationList section */
		F6A3D92F1D379388008E0A77 /* Build configuration list for PBXProject "打码Demo" */ = {
			isa = XCConfigurationList;
			buildConfigurations = (
				F6A3D95F1D379389008E0A77 /* Debug */,
				F6A3D9601D379389008E0A77 /* Release */,
			);
			defaultConfigurationIsVisible = 0;
			defaultConfigurationName = Release;
		};
		F6A3D9611D379389008E0A77 /* Build configuration list for PBXNativeTarget "打码Demo" */ = {
			isa = XCConfigurationList;
			buildConfigurations = (
				F6A3D9621D379389008E0A77 /* Debug */,
				F6A3D9631D379389008E0A77 /* Release */,
			);
			defaultConfigurationIsVisible = 0;
		};
		F6A3D9641D379389008E0A77 /* Build configuration list for PBXNativeTarget "打码DemoTests" */ = {
			isa = XCConfigurationList;
			buildConfigurations = (
				F6A3D9651D379389008E0A77 /* Debug */,
				F6A3D9661D379389008E0A77 /* Release */,
			);
			defaultConfigurationIsVisible = 0;
		};
		F6A3D9671D379389008E0A77 /* Build configuration list for PBXNativeTarget "打码DemoUITests" */ = {
			isa = XCConfigurationList;
			buildConfigurations = (
				F6A3D9681D379389008E0A77 /* Debug */,
				F6A3D9691D379389008E0A77 /* Release */,
			);
			defaultConfigurationIsVisible = 0;
		};
/* End XCConfigurationList section */
	};
	rootObject = F6A3D92C1D379388008E0A77 /* Project object */;
}
